
Microsoft Visual Studio Solution File, Format Version 12.00
# Visual Studio Version 16
VisualStudioVersion = 16.0.32002.261
MinimumVisualStudioVersion = 10.0.40219.1
Project("{9A19103F-16F7-4668-BE54-9A1E7A4F7556}") = "Mission2Assignment", "Mission2Assignment.csproj", "{B48AD82C-3480-4A55-BB70-712B1B50C08E}"
EndProject
Global
	GlobalSection(SolutionConfigurationPlatforms) = preSolution
		Debug|Any CPU = Debug|Any CPU
		Release|Any CPU = Release|Any CPU
	EndGlobalSection
	GlobalSection(ProjectConfigurationPlatforms) = postSolution
		{B48AD82C-3480-4A55-BB70-712B1B50C08E}.Debug|Any CPU.ActiveCfg = Debug|Any CPU
		{B48AD82C-3480-4A55-BB70-712B1B50C08E}.Debug|Any CPU.Build.0 = Debug|Any CPU
		{B48AD82C-3480-4A55-BB70-712B1B50C08E}.Release|Any CPU.ActiveCfg = Release|Any CPU
		{B48AD82C-3480-4A55-BB70-712B1B50C08E}.Release|Any CPU.Build.0 = Release|Any CPU
	EndGlobalSection
	GlobalSection(SolutionProperties) = preSolution
		HideSolutionNode = FALSE
	EndGlobalSection
	GlobalSection(ExtensibilityGlobals) = postSolution
		SolutionGuid = {BE1DB92B-D881-4B41-B004-8BA2C143F836}
	EndGlobalSection
EndGlobal
